{
  "name": "americas",
  "lockfileVersion": 3,
  "requires": true,
  "packages": {
    "": {
      "devDependencies": {
        "@types/clone": "^2.1.4"
      }
    },
    "node_modules/@types/clone": {
      "version": "2.1.4",
      "resolved": "https://registry.npmjs.org/@types/clone/-/clone-2.1.4.tgz",
      "integrity": "sha512-NKRWaEGaVGVLnGLB2GazvDaZnyweW9FJLLFL5LhywGJB3aqGMT9R/EUoJoSRP4nzofYnZysuDmrEJtJdAqUOtQ==",
      "dev": true
    }
  }
}
